
Microsoft Visual Studio Solution File, Format Version 11.00
# Visual Studio 2010
Project("{2150E333-8FDC-42A3-9474-1A3956D46DE8}") = "Database", "Database", "{A2739F0A-D460-418D-860F-04C1B63F57A6}"
EndProject
Project("{2150E333-8FDC-42A3-9474-1A3956D46DE8}") = "Desktop", "Desktop", "{F7F3E570-6935-4F68-9C8A-8E7B622C0214}"
EndProject
Project("{FAE04EC0-301F-11D3-BF4B-00C04F79EFBC}") = "EmpireXP", "EmpireXP\EmpireXP.csproj", "{1D54F308-A33B-4F31-9D25-BECFC5D173D2}"
EndProject
Project("{FAE04EC0-301F-11D3-BF4B-00C04F79EFBC}") = "Database", "Database\Database.csproj", "{F1D54EBF-B61E-41F8-B1F7-912EF1F61796}"
EndProject
Project("{2150E333-8FDC-42A3-9474-1A3956D46DE8}") = "Structure", "Structure", "{A6FF8B61-CA0A-4EB6-8487-FEBA58756A44}"
EndProject
Project("{FAE04EC0-301F-11D3-BF4B-00C04F79EFBC}") = "Operational", "Operational\Operational.csproj", "{FD574D53-E87F-43B3-8D52-62664FF82229}"
EndProject
Project("{FAE04EC0-301F-11D3-BF4B-00C04F79EFBC}") = "Files", "Files\Files.csproj", "{2FA1F630-5CF8-4C7B-A8E9-F2D7F093411C}"
EndProject
Project("{FAE04EC0-301F-11D3-BF4B-00C04F79EFBC}") = "Objects", "Objects\Objects.csproj", "{21BCAF72-51CE-4CAE-BB50-864945B6CA1E}"
EndProject
Project("{FAE04EC0-301F-11D3-BF4B-00C04F79EFBC}") = "Entity", "Entity\Entity.csproj", "{C743FFAA-BF7E-456A-91CC-D35B36C637E5}"
EndProject
Project("{FAE04EC0-301F-11D3-BF4B-00C04F79EFBC}") = "Map", "Map\Map.csproj", "{C6F1CF3B-4642-4139-B891-B5E4FF107390}"
EndProject
Project("{FAE04EC0-301F-11D3-BF4B-00C04F79EFBC}") = "Basics", "Basics\Basics.csproj", "{0540A350-47E9-4373-8D78-8EC80F8353EE}"
EndProject
Project("{FAE04EC0-301F-11D3-BF4B-00C04F79EFBC}") = "Identification", "Identification\Identification.csproj", "{63D39724-B486-4217-B506-680CAED15A01}"
EndProject
Project("{FAE04EC0-301F-11D3-BF4B-00C04F79EFBC}") = "Search", "Search\Search.csproj", "{405B106F-BAA8-4753-A1D0-6DA63DC9D894}"
EndProject
Project("{FAE04EC0-301F-11D3-BF4B-00C04F79EFBC}") = "People", "People\People.csproj", "{1DF1D63F-B2CB-48F0-8BDE-BC6249E6DCA1}"
EndProject
Project("{FAE04EC0-301F-11D3-BF4B-00C04F79EFBC}") = "Report", "Report\Report.csproj", "{075A69EF-5A30-44B5-89C3-E1A05504D99F}"
EndProject
Global
	GlobalSection(SolutionConfigurationPlatforms) = preSolution
		Debug|Any CPU = Debug|Any CPU
		Release|Any CPU = Release|Any CPU
	EndGlobalSection
	GlobalSection(ProjectConfigurationPlatforms) = postSolution
		{1D54F308-A33B-4F31-9D25-BECFC5D173D2}.Debug|Any CPU.ActiveCfg = Debug|Any CPU
		{1D54F308-A33B-4F31-9D25-BECFC5D173D2}.Debug|Any CPU.Build.0 = Debug|Any CPU
		{1D54F308-A33B-4F31-9D25-BECFC5D173D2}.Release|Any CPU.ActiveCfg = Release|Any CPU
		{1D54F308-A33B-4F31-9D25-BECFC5D173D2}.Release|Any CPU.Build.0 = Release|Any CPU
		{F1D54EBF-B61E-41F8-B1F7-912EF1F61796}.Debug|Any CPU.ActiveCfg = Debug|Any CPU
		{F1D54EBF-B61E-41F8-B1F7-912EF1F61796}.Debug|Any CPU.Build.0 = Debug|Any CPU
		{F1D54EBF-B61E-41F8-B1F7-912EF1F61796}.Release|Any CPU.ActiveCfg = Release|Any CPU
		{F1D54EBF-B61E-41F8-B1F7-912EF1F61796}.Release|Any CPU.Build.0 = Release|Any CPU
		{FD574D53-E87F-43B3-8D52-62664FF82229}.Debug|Any CPU.ActiveCfg = Debug|Any CPU
		{FD574D53-E87F-43B3-8D52-62664FF82229}.Debug|Any CPU.Build.0 = Debug|Any CPU
		{FD574D53-E87F-43B3-8D52-62664FF82229}.Release|Any CPU.ActiveCfg = Release|Any CPU
		{FD574D53-E87F-43B3-8D52-62664FF82229}.Release|Any CPU.Build.0 = Release|Any CPU
		{2FA1F630-5CF8-4C7B-A8E9-F2D7F093411C}.Debug|Any CPU.ActiveCfg = Debug|Any CPU
		{2FA1F630-5CF8-4C7B-A8E9-F2D7F093411C}.Debug|Any CPU.Build.0 = Debug|Any CPU
		{2FA1F630-5CF8-4C7B-A8E9-F2D7F093411C}.Release|Any CPU.ActiveCfg = Release|Any CPU
		{2FA1F630-5CF8-4C7B-A8E9-F2D7F093411C}.Release|Any CPU.Build.0 = Release|Any CPU
		{21BCAF72-51CE-4CAE-BB50-864945B6CA1E}.Debug|Any CPU.ActiveCfg = Debug|Any CPU
		{21BCAF72-51CE-4CAE-BB50-864945B6CA1E}.Debug|Any CPU.Build.0 = Debug|Any CPU
		{21BCAF72-51CE-4CAE-BB50-864945B6CA1E}.Release|Any CPU.ActiveCfg = Release|Any CPU
		{21BCAF72-51CE-4CAE-BB50-864945B6CA1E}.Release|Any CPU.Build.0 = Release|Any CPU
		{C743FFAA-BF7E-456A-91CC-D35B36C637E5}.Debug|Any CPU.ActiveCfg = Debug|Any CPU
		{C743FFAA-BF7E-456A-91CC-D35B36C637E5}.Debug|Any CPU.Build.0 = Debug|Any CPU
		{C743FFAA-BF7E-456A-91CC-D35B36C637E5}.Release|Any CPU.ActiveCfg = Release|Any CPU
		{C743FFAA-BF7E-456A-91CC-D35B36C637E5}.Release|Any CPU.Build.0 = Release|Any CPU
		{C6F1CF3B-4642-4139-B891-B5E4FF107390}.Debug|Any CPU.ActiveCfg = Debug|Any CPU
		{C6F1CF3B-4642-4139-B891-B5E4FF107390}.Debug|Any CPU.Build.0 = Debug|Any CPU
		{C6F1CF3B-4642-4139-B891-B5E4FF107390}.Release|Any CPU.ActiveCfg = Release|Any CPU
		{C6F1CF3B-4642-4139-B891-B5E4FF107390}.Release|Any CPU.Build.0 = Release|Any CPU
		{0540A350-47E9-4373-8D78-8EC80F8353EE}.Debug|Any CPU.ActiveCfg = Debug|Any CPU
		{0540A350-47E9-4373-8D78-8EC80F8353EE}.Debug|Any CPU.Build.0 = Debug|Any CPU
		{0540A350-47E9-4373-8D78-8EC80F8353EE}.Release|Any CPU.ActiveCfg = Release|Any CPU
		{0540A350-47E9-4373-8D78-8EC80F8353EE}.Release|Any CPU.Build.0 = Release|Any CPU
		{63D39724-B486-4217-B506-680CAED15A01}.Debug|Any CPU.ActiveCfg = Debug|Any CPU
		{63D39724-B486-4217-B506-680CAED15A01}.Debug|Any CPU.Build.0 = Debug|Any CPU
		{63D39724-B486-4217-B506-680CAED15A01}.Release|Any CPU.ActiveCfg = Release|Any CPU
		{63D39724-B486-4217-B506-680CAED15A01}.Release|Any CPU.Build.0 = Release|Any CPU
		{405B106F-BAA8-4753-A1D0-6DA63DC9D894}.Debug|Any CPU.ActiveCfg = Debug|Any CPU
		{405B106F-BAA8-4753-A1D0-6DA63DC9D894}.Debug|Any CPU.Build.0 = Debug|Any CPU
		{405B106F-BAA8-4753-A1D0-6DA63DC9D894}.Release|Any CPU.ActiveCfg = Release|Any CPU
		{405B106F-BAA8-4753-A1D0-6DA63DC9D894}.Release|Any CPU.Build.0 = Release|Any CPU
		{1DF1D63F-B2CB-48F0-8BDE-BC6249E6DCA1}.Debug|Any CPU.ActiveCfg = Debug|Any CPU
		{1DF1D63F-B2CB-48F0-8BDE-BC6249E6DCA1}.Debug|Any CPU.Build.0 = Debug|Any CPU
		{1DF1D63F-B2CB-48F0-8BDE-BC6249E6DCA1}.Release|Any CPU.ActiveCfg = Release|Any CPU
		{1DF1D63F-B2CB-48F0-8BDE-BC6249E6DCA1}.Release|Any CPU.Build.0 = Release|Any CPU
		{075A69EF-5A30-44B5-89C3-E1A05504D99F}.Debug|Any CPU.ActiveCfg = Debug|Any CPU
		{075A69EF-5A30-44B5-89C3-E1A05504D99F}.Debug|Any CPU.Build.0 = Debug|Any CPU
		{075A69EF-5A30-44B5-89C3-E1A05504D99F}.Release|Any CPU.ActiveCfg = Release|Any CPU
		{075A69EF-5A30-44B5-89C3-E1A05504D99F}.Release|Any CPU.Build.0 = Release|Any CPU
	EndGlobalSection
	GlobalSection(SolutionProperties) = preSolution
		HideSolutionNode = FALSE
	EndGlobalSection
	GlobalSection(NestedProjects) = preSolution
		{F1D54EBF-B61E-41F8-B1F7-912EF1F61796} = {A2739F0A-D460-418D-860F-04C1B63F57A6}
		{C743FFAA-BF7E-456A-91CC-D35B36C637E5} = {A2739F0A-D460-418D-860F-04C1B63F57A6}
		{1D54F308-A33B-4F31-9D25-BECFC5D173D2} = {F7F3E570-6935-4F68-9C8A-8E7B622C0214}
		{FD574D53-E87F-43B3-8D52-62664FF82229} = {A6FF8B61-CA0A-4EB6-8487-FEBA58756A44}
		{2FA1F630-5CF8-4C7B-A8E9-F2D7F093411C} = {A6FF8B61-CA0A-4EB6-8487-FEBA58756A44}
		{21BCAF72-51CE-4CAE-BB50-864945B6CA1E} = {A6FF8B61-CA0A-4EB6-8487-FEBA58756A44}
		{C6F1CF3B-4642-4139-B891-B5E4FF107390} = {A6FF8B61-CA0A-4EB6-8487-FEBA58756A44}
		{0540A350-47E9-4373-8D78-8EC80F8353EE} = {A6FF8B61-CA0A-4EB6-8487-FEBA58756A44}
		{63D39724-B486-4217-B506-680CAED15A01} = {A6FF8B61-CA0A-4EB6-8487-FEBA58756A44}
		{405B106F-BAA8-4753-A1D0-6DA63DC9D894} = {A6FF8B61-CA0A-4EB6-8487-FEBA58756A44}
		{1DF1D63F-B2CB-48F0-8BDE-BC6249E6DCA1} = {A6FF8B61-CA0A-4EB6-8487-FEBA58756A44}
		{075A69EF-5A30-44B5-89C3-E1A05504D99F} = {A6FF8B61-CA0A-4EB6-8487-FEBA58756A44}
	EndGlobalSection
EndGlobal
